
Microsoft Visual Studio Solution File, Format Version 12.00
# Visual Studio Version 16
VisualStudioVersion = 16.0.29509.3
MinimumVisualStudioVersion = 10.0.40219.1
Project("{9A19103F-16F7-4668-BE54-9A1E7A4F7556}") = "TaskTrackingSystem", "TaskTrackingSystem\TaskTrackingSystem.csproj", "{DBCA4C9A-F5E4-4B00-ACD4-D0D2FD913F1B}"
EndProject
Global
	GlobalSection(SolutionConfigurationPlatforms) = preSolution
		Debug|Any CPU = Debug|Any CPU
		Release|Any CPU = Release|Any CPU
	EndGlobalSection
	GlobalSection(ProjectConfigurationPlatforms) = postSolution
		{DBCA4C9A-F5E4-4B00-ACD4-D0D2FD913F1B}.Debug|Any CPU.ActiveCfg = Debug|Any CPU
		{DBCA4C9A-F5E4-4B00-ACD4-D0D2FD913F1B}.Debug|Any CPU.Build.0 = Debug|Any CPU
		{DBCA4C9A-F5E4-4B00-ACD4-D0D2FD913F1B}.Release|Any CPU.ActiveCfg = Release|Any CPU
		{DBCA4C9A-F5E4-4B00-ACD4-D0D2FD913F1B}.Release|Any CPU.Build.0 = Release|Any CPU
	EndGlobalSection
	GlobalSection(SolutionProperties) = preSolution
		HideSolutionNode = FALSE
	EndGlobalSection
	GlobalSection(ExtensibilityGlobals) = postSolution
		SolutionGuid = {D2E571B3-4D55-4612-8667-D4A770D9B30A}
	EndGlobalSection
EndGlobal
